
Microsoft Visual Studio Solution File, Format Version 12.00
# Visual Studio 2013
VisualStudioVersion = 12.0.21005.1
MinimumVisualStudioVersion = 10.0.40219.1
Project("{FAE04EC0-301F-11D3-BF4B-00C04F79EFBC}") = "ShowEmplopyeeInGridView", "ShowEmplopyeeInGridView\ShowEmplopyeeInGridView.csproj", "{C95002A9-B516-438C-B60E-9ED7D1830668}"
EndProject
Global
	GlobalSection(SolutionConfigurationPlatforms) = preSolution
		Debug|Any CPU = Debug|Any CPU
		Release|Any CPU = Release|Any CPU
	EndGlobalSection
	GlobalSection(ProjectConfigurationPlatforms) = postSolution
		{C95002A9-B516-438C-B60E-9ED7D1830668}.Debug|Any CPU.ActiveCfg = Debug|Any CPU
		{C95002A9-B516-438C-B60E-9ED7D1830668}.Debug|Any CPU.Build.0 = Debug|Any CPU
		{C95002A9-B516-438C-B60E-9ED7D1830668}.Release|Any CPU.ActiveCfg = Release|Any CPU
		{C95002A9-B516-438C-B60E-9ED7D1830668}.Release|Any CPU.Build.0 = Release|Any CPU
	EndGlobalSection
	GlobalSection(SolutionProperties) = preSolution
		HideSolutionNode = FALSE
	EndGlobalSection
EndGlobal
